
Microsoft Visual Studio Solution File, Format Version 12.00
# Visual Studio 15
VisualStudioVersion = 15.0.28307.1000
MinimumVisualStudioVersion = 10.0.40219.1
Project("{FAE04EC0-301F-11D3-BF4B-00C04F79EFBC}") = "SandCastleMod", "SandCastleMod.csproj", "{9FBD62F3-C845-41D3-B859-48D808E15579}"
EndProject
Global
	GlobalSection(SolutionConfigurationPlatforms) = preSolution
		Debug|Any CPU = Debug|Any CPU
		Release|Any CPU = Release|Any CPU
	EndGlobalSection
	GlobalSection(ProjectConfigurationPlatforms) = postSolution
		{9FBD62F3-C845-41D3-B859-48D808E15579}.Debug|Any CPU.ActiveCfg = Debug|Any CPU
		{9FBD62F3-C845-41D3-B859-48D808E15579}.Debug|Any CPU.Build.0 = Debug|Any CPU
		{9FBD62F3-C845-41D3-B859-48D808E15579}.Release|Any CPU.ActiveCfg = Release|Any CPU
		{9FBD62F3-C845-41D3-B859-48D808E15579}.Release|Any CPU.Build.0 = Release|Any CPU
	EndGlobalSection
	GlobalSection(SolutionProperties) = preSolution
		HideSolutionNode = FALSE
	EndGlobalSection
	GlobalSection(ExtensibilityGlobals) = postSolution
		SolutionGuid = {FD92514E-A367-4573-88DB-BE43932CA29F}
	EndGlobalSection
EndGlobal
